{
  "name": "gitlog2",
  "version": "3.1.3",
  "lockfileVersion": 1,
  "requires": true,
  "dependencies": {
    "array-uniq": {
      "version": "2.0.0",
      "resolved": "https://registry.npmjs.org/array-uniq/-/array-uniq-2.0.0.tgz",
      "integrity": "sha512-O3QZEr+3wDj7otzF7PjNGs6CA3qmYMLvt5xGkjY/V0VxS+ovvqVo/5wKM/OVOAyuX4DTh9H31zE/yKtO66hTkg=="
    },
    "debug": {
      "version": "3.1.0",
      "resolved": "https://registry.npmjs.org/debug/-/debug-3.1.0.tgz",
      "integrity": "sha512-OX8XqP7/1a9cqkxYw2yXss15f26NKWBpDXQd0/uK/KPqdQhxbPa994hnzjcE2VqQpDslf55723cKPUOGSmMY3g==",
      "requires": {
        "ms": "2.0.0"
      }
    },
    "lodash.assign": {
      "version": "4.2.0",
      "resolved": "https://registry.npmjs.org/lodash.assign/-/lodash.assign-4.2.0.tgz",
      "integrity": "sha1-DZnzzNem0mHRm9rrkkUAXShYCOc="
    },
    "ms": {
      "version": "2.0.0",
      "resolved": "https://registry.npmjs.org/ms/-/ms-2.0.0.tgz",
      "integrity": "sha1-VgiurfwAvmwpAd9fmGF4jeDVl8g="
    },
    "sort-object-keys2": {
      "version": "1.0.3",
      "resolved": "https://registry.npmjs.org/sort-object-keys2/-/sort-object-keys2-1.0.3.tgz",
      "integrity": "sha512-dMF3Iz307Qkvp2navgmZ8/u5QvuN3nE4YUUId1aXKGhHFq66KoGUOljU0NiGcvQdrnXH/Rt1FWs4s/edcbH2kQ=="
    }
  }
}
